PODS:
  - desktop_webview_window (0.0.1):
    - FlutterMacOS
  - flutter_inappwebview_macos (0.0.1):
    - FlutterMacOS
    - OrderedSet (~> 6.0.3)
  - FlutterMacOS (1.0.0)
  - irondash_engine_context (0.0.1):
    - FlutterMacOS
  - OrderedSet (6.0.3)
  - screen_retriever_macos (0.0.1):
    - FlutterMacOS
  - super_editor_spellcheck (0.0.1):
    - FlutterMacOS
  - super_native_extensions (0.0.1):
    - FlutterMacOS
  - window_to_front (0.0.1):
    - FlutterMacOS

DEPENDENCIES:
  - desktop_webview_window (from `Flutter/ephemeral/.symlinks/plugins/desktop_webview_window/macos`)
  - flutter_inappwebview_macos (from `Flutter/ephemeral/.symlinks/plugins/flutter_inappwebview_macos/macos`)
  - FlutterMacOS (from `Flutter/ephemeral`)
  - irondash_engine_context (from `Flutter/ephemeral/.symlinks/plugins/irondash_engine_context/macos`)
  - screen_retriever_macos (from `Flutter/ephemeral/.symlinks/plugins/screen_retriever_macos/macos`)
  - super_editor_spellcheck (from `Flutter/ephemeral/.symlinks/plugins/super_editor_spellcheck/macos`)
  - super_native_extensions (from `Flutter/ephemeral/.symlinks/plugins/super_native_extensions/macos`)
  - window_to_front (from `Flutter/ephemeral/.symlinks/plugins/window_to_front/macos`)

SPEC REPOS:
  trunk:
    - OrderedSet

EXTERNAL SOURCES:
  desktop_webview_window:
    :path: Flutter/ephemeral/.symlinks/plugins/desktop_webview_window/macos
  flutter_inappwebview_macos:
    :path: Flutter/ephemeral/.symlinks/plugins/flutter_inappwebview_macos/macos
  FlutterMacOS:
    :path: Flutter/ephemeral
  irondash_engine_context:
    :path: Flutter/ephemeral/.symlinks/plugins/irondash_engine_context/macos
  screen_retriever_macos:
    :path: Flutter/ephemeral/.symlinks/plugins/screen_retriever_macos/macos
  super_editor_spellcheck:
    :path: Flutter/ephemeral/.symlinks/plugins/super_editor_spellcheck/macos
  super_native_extensions:
    :path: Flutter/ephemeral/.symlinks/plugins/super_native_extensions/macos
  window_to_front:
    :path: Flutter/ephemeral/.symlinks/plugins/window_to_front/macos

SPEC CHECKSUMS:
  desktop_webview_window: 7e37af677d6d19294cb433d9b1d878ef78dffa4d
  flutter_inappwebview_macos: c2d68649f9f8f1831bfcd98d73fd6256366d9d1d
  FlutterMacOS: d0db08ddef1a9af05a5ec4b724367152bb0500b1
  irondash_engine_context: 893c7d96d20ce361d7e996f39d360c4c2f9869ba
  OrderedSet: e539b66b644ff081c73a262d24ad552a69be3a94
  screen_retriever_macos: 452e51764a9e1cdb74b3c541238795849f21557f
  super_editor_spellcheck: 92756951071ef14c0550e9c115573ebf12c03243
  super_native_extensions: c2795d6d9aedf4a79fae25cb6160b71b50549189
  window_to_front: 9e76fd432e36700a197dac86a0011e49c89abe0a

PODFILE CHECKSUM: 7931a4c73b3d44cbeccce86b03ea733896106a72

COCOAPODS: 1.16.2
